
Microsoft Visual Studio Solution File, Format Version 12.00
# Visual Studio Version 17
VisualStudioVersion = 17.6.33829.357
MinimumVisualStudioVersion = 10.0.40219.1
Project("{FAE04EC0-301F-11D3-BF4B-00C04F79EFBC}") = "FrmBasicThread_Sanchez", "FrmBasicThread_Sanchez\FrmBasicThread_Sanchez.csproj", "{87ED60E8-8275-4568-BCFD-62C3832F8E3D}"
EndProject
Global
	GlobalSection(SolutionConfigurationPlatforms) = preSolution
		Debug|Any CPU = Debug|Any CPU
		Release|Any CPU = Release|Any CPU
	EndGlobalSection
	GlobalSection(ProjectConfigurationPlatforms) = postSolution
		{87ED60E8-8275-4568-BCFD-62C3832F8E3D}.Debug|Any CPU.ActiveCfg = Debug|Any CPU
		{87ED60E8-8275-4568-BCFD-62C3832F8E3D}.Debug|Any CPU.Build.0 = Debug|Any CPU
		{87ED60E8-8275-4568-BCFD-62C3832F8E3D}.Release|Any CPU.ActiveCfg = Release|Any CPU
		{87ED60E8-8275-4568-BCFD-62C3832F8E3D}.Release|Any CPU.Build.0 = Release|Any CPU
	EndGlobalSection
	GlobalSection(SolutionProperties) = preSolution
		HideSolutionNode = FALSE
	EndGlobalSection
	GlobalSection(ExtensibilityGlobals) = postSolution
		SolutionGuid = {BDA85A77-387F-477B-9A27-AB4B39822E3B}
	EndGlobalSection
EndGlobal
